
Microsoft Visual Studio Solution File, Format Version 12.00
# Visual Studio Version 16
VisualStudioVersion = 16.0.29201.188
MinimumVisualStudioVersion = 10.0.40219.1
Project("{FAE04EC0-301F-11D3-BF4B-00C04F79EFBC}") = "ContaCorrente", "ContaCorrente\ContaCorrente.csproj", "{89548470-9074-4BFA-946B-BD5A5FC06558}"
EndProject
Project("{FAE04EC0-301F-11D3-BF4B-00C04F79EFBC}") = "Frete", "Frete\Frete.csproj", "{4B7658D1-0CFC-43C2-AA92-3371184FC18D}"
EndProject
Project("{FAE04EC0-301F-11D3-BF4B-00C04F79EFBC}") = "INSS", "INSS\INSS.csproj", "{86A8DD58-164A-42D3-878A-9F8E7B18C466}"
EndProject
Project("{FAE04EC0-301F-11D3-BF4B-00C04F79EFBC}") = "Heranca - Ex2", "Heranca - Ex2\Heranca - Ex2.csproj", "{0C417CF7-DF21-44A4-A44E-6B5C877059F1}"
EndProject
Project("{FAE04EC0-301F-11D3-BF4B-00C04F79EFBC}") = "MyJanelas", "MyJanelas\MyJanelas.csproj", "{BA9B3C68-52C3-4A9F-8841-1900A2A89AAA}"
EndProject
Project("{FAE04EC0-301F-11D3-BF4B-00C04F79EFBC}") = "ProjetoMistica", "ProjetoMistica\ProjetoMistica.csproj", "{7E9D5680-7C69-42DC-A494-6067F239C873}"
EndProject
Global
	GlobalSection(SolutionConfigurationPlatforms) = preSolution
		Debug|Any CPU = Debug|Any CPU
		Release|Any CPU = Release|Any CPU
	EndGlobalSection
	GlobalSection(ProjectConfigurationPlatforms) = postSolution
		{89548470-9074-4BFA-946B-BD5A5FC06558}.Debug|Any CPU.ActiveCfg = Debug|Any CPU
		{89548470-9074-4BFA-946B-BD5A5FC06558}.Debug|Any CPU.Build.0 = Debug|Any CPU
		{89548470-9074-4BFA-946B-BD5A5FC06558}.Release|Any CPU.ActiveCfg = Release|Any CPU
		{89548470-9074-4BFA-946B-BD5A5FC06558}.Release|Any CPU.Build.0 = Release|Any CPU
		{4B7658D1-0CFC-43C2-AA92-3371184FC18D}.Debug|Any CPU.ActiveCfg = Debug|Any CPU
		{4B7658D1-0CFC-43C2-AA92-3371184FC18D}.Debug|Any CPU.Build.0 = Debug|Any CPU
		{4B7658D1-0CFC-43C2-AA92-3371184FC18D}.Release|Any CPU.ActiveCfg = Release|Any CPU
		{4B7658D1-0CFC-43C2-AA92-3371184FC18D}.Release|Any CPU.Build.0 = Release|Any CPU
		{86A8DD58-164A-42D3-878A-9F8E7B18C466}.Debug|Any CPU.ActiveCfg = Debug|Any CPU
		{86A8DD58-164A-42D3-878A-9F8E7B18C466}.Debug|Any CPU.Build.0 = Debug|Any CPU
		{86A8DD58-164A-42D3-878A-9F8E7B18C466}.Release|Any CPU.ActiveCfg = Release|Any CPU
		{86A8DD58-164A-42D3-878A-9F8E7B18C466}.Release|Any CPU.Build.0 = Release|Any CPU
		{0C417CF7-DF21-44A4-A44E-6B5C877059F1}.Debug|Any CPU.ActiveCfg = Debug|Any CPU
		{0C417CF7-DF21-44A4-A44E-6B5C877059F1}.Debug|Any CPU.Build.0 = Debug|Any CPU
		{0C417CF7-DF21-44A4-A44E-6B5C877059F1}.Release|Any CPU.ActiveCfg = Release|Any CPU
		{0C417CF7-DF21-44A4-A44E-6B5C877059F1}.Release|Any CPU.Build.0 = Release|Any CPU
		{BA9B3C68-52C3-4A9F-8841-1900A2A89AAA}.Debug|Any CPU.ActiveCfg = Debug|Any CPU
		{BA9B3C68-52C3-4A9F-8841-1900A2A89AAA}.Debug|Any CPU.Build.0 = Debug|Any CPU
		{BA9B3C68-52C3-4A9F-8841-1900A2A89AAA}.Release|Any CPU.ActiveCfg = Release|Any CPU
		{BA9B3C68-52C3-4A9F-8841-1900A2A89AAA}.Release|Any CPU.Build.0 = Release|Any CPU
		{7E9D5680-7C69-42DC-A494-6067F239C873}.Debug|Any CPU.ActiveCfg = Debug|Any CPU
		{7E9D5680-7C69-42DC-A494-6067F239C873}.Debug|Any CPU.Build.0 = Debug|Any CPU
		{7E9D5680-7C69-42DC-A494-6067F239C873}.Release|Any CPU.ActiveCfg = Release|Any CPU
		{7E9D5680-7C69-42DC-A494-6067F239C873}.Release|Any CPU.Build.0 = Release|Any CPU
	EndGlobalSection
	GlobalSection(SolutionProperties) = preSolution
		HideSolutionNode = FALSE
	EndGlobalSection
	GlobalSection(ExtensibilityGlobals) = postSolution
		SolutionGuid = {2E8CA37C-7680-4E29-BCFA-05444B56A39C}
	EndGlobalSection
EndGlobal
